
Microsoft Visual Studio Solution File, Format Version 12.00
# Visual Studio 15
Project("{FAE04EC0-301F-11D3-BF4B-00C04F79EFBC}") = "PCHandsfree", "PCHandsfree.csproj", "{A8FB5201-4F37-4DEA-8C77-8EB18B11FFAA}"
EndProject
Global
	GlobalSection(SolutionConfigurationPlatforms) = preSolution
		Debug|Any CPU = Debug|Any CPU
		Release|Any CPU = Release|Any CPU
	EndGlobalSection
	GlobalSection(ProjectConfigurationPlatforms) = postSolution
		{A8FB5201-4F37-4DEA-8C77-8EB18B11FFAA}.Debug|Any CPU.ActiveCfg = Debug|Any CPU
		{A8FB5201-4F37-4DEA-8C77-8EB18B11FFAA}.Debug|Any CPU.Build.0 = Debug|Any CPU
		{A8FB5201-4F37-4DEA-8C77-8EB18B11FFAA}.Release|Any CPU.ActiveCfg = Release|Any CPU
		{A8FB5201-4F37-4DEA-8C77-8EB18B11FFAA}.Release|Any CPU.Build.0 = Release|Any CPU
	EndGlobalSection
EndGlobal
